
Microsoft Visual Studio Solution File, Format Version 11.00
# Visual Web Developer Express 2010
Project("{FAE04EC0-301F-11D3-BF4B-00C04F79EFBC}") = "MvcLocalizationBoilerplate", "MvcLocalizationBoilerplate\MvcLocalizationBoilerplate.csproj", "{DCA82528-6BA7-4822-8E90-23D6DB7AD5B4}"
EndProject
Global
	GlobalSection(SolutionConfigurationPlatforms) = preSolution
		Debug|Any CPU = Debug|Any CPU
		Release|Any CPU = Release|Any CPU
	EndGlobalSection
	GlobalSection(ProjectConfigurationPlatforms) = postSolution
		{DCA82528-6BA7-4822-8E90-23D6DB7AD5B4}.Debug|Any CPU.ActiveCfg = Debug|Any CPU
		{DCA82528-6BA7-4822-8E90-23D6DB7AD5B4}.Debug|Any CPU.Build.0 = Debug|Any CPU
		{DCA82528-6BA7-4822-8E90-23D6DB7AD5B4}.Release|Any CPU.ActiveCfg = Release|Any CPU
		{DCA82528-6BA7-4822-8E90-23D6DB7AD5B4}.Release|Any CPU.Build.0 = Release|Any CPU
	EndGlobalSection
	GlobalSection(SolutionProperties) = preSolution
		HideSolutionNode = FALSE
	EndGlobalSection
EndGlobal
